
Microsoft Visual Studio Solution File, Format Version 12.00
# Visual Studio Version 17
VisualStudioVersion = 17.14.36603.0
MinimumVisualStudioVersion = 10.0.40219.1
Project("{FAE04EC0-301F-11D3-BF4B-00C04F79EFBC}") = "SarkuteriAdmin", "SarkuteriAdmin\SarkuteriAdmin.csproj", "{6CF09429-2E14-49B5-B550-A9791759F5D3}"
EndProject
Project("{FAE04EC0-301F-11D3-BF4B-00C04F79EFBC}") = "SarkuteriBizerba", "SarkuteriBizerba\SarkuteriBizerba.csproj", "{EB2442DC-68B4-4980-908A-D956C4F64547}"
EndProject
Global
	GlobalSection(SolutionConfigurationPlatforms) = preSolution
		Debug|Any CPU = Debug|Any CPU
		Release|Any CPU = Release|Any CPU
	EndGlobalSection
	GlobalSection(ProjectConfigurationPlatforms) = postSolution
		{6CF09429-2E14-49B5-B550-A9791759F5D3}.Debug|Any CPU.ActiveCfg = Debug|Any CPU
		{6CF09429-2E14-49B5-B550-A9791759F5D3}.Debug|Any CPU.Build.0 = Debug|Any CPU
		{6CF09429-2E14-49B5-B550-A9791759F5D3}.Release|Any CPU.ActiveCfg = Release|Any CPU
		{6CF09429-2E14-49B5-B550-A9791759F5D3}.Release|Any CPU.Build.0 = Release|Any CPU
		{EB2442DC-68B4-4980-908A-D956C4F64547}.Debug|Any CPU.ActiveCfg = Debug|Any CPU
		{EB2442DC-68B4-4980-908A-D956C4F64547}.Debug|Any CPU.Build.0 = Debug|Any CPU
		{EB2442DC-68B4-4980-908A-D956C4F64547}.Release|Any CPU.ActiveCfg = Release|Any CPU
		{EB2442DC-68B4-4980-908A-D956C4F64547}.Release|Any CPU.Build.0 = Release|Any CPU
	EndGlobalSection
	GlobalSection(SolutionProperties) = preSolution
		HideSolutionNode = FALSE
	EndGlobalSection
	GlobalSection(ExtensibilityGlobals) = postSolution
		SolutionGuid = {24F4E5C2-1417-48E2-8DAC-4167A40FF302}
	EndGlobalSection
EndGlobal
